
Microsoft Visual Studio Solution File, Format Version 12.00
# Visual Studio 2015
Project("{FAE04EC0-301F-11D3-BF4B-00C04F79EFBC}") = "AI Project.Plugins", "AI Project.Plugins.csproj", "{B7D16094-3C0D-CCD4-1710-50ADD0FD405A}"
EndProject
Project("{FAE04EC0-301F-11D3-BF4B-00C04F79EFBC}") = "AI Project", "AI Project.csproj", "{744FAD46-E765-D727-ACF9-7A711CC9ABD3}"
EndProject
Project("{FAE04EC0-301F-11D3-BF4B-00C04F79EFBC}") = "AI Project.Editor.Plugins", "AI Project.Editor.Plugins.csproj", "{2A73CF93-EA74-7A4A-AB7D-4AC2DE3B9157}"
EndProject
Global
	GlobalSection(SolutionConfigurationPlatforms) = preSolution
		Debug|Any CPU = Debug|Any CPU
		Release|Any CPU = Release|Any CPU
	EndGlobalSection
	GlobalSection(ProjectConfigurationPlatforms) = postSolution
		{B7D16094-3C0D-CCD4-1710-50ADD0FD405A}.Debug|Any CPU.ActiveCfg = Debug|Any CPU
		{B7D16094-3C0D-CCD4-1710-50ADD0FD405A}.Debug|Any CPU.Build.0 = Debug|Any CPU
		{B7D16094-3C0D-CCD4-1710-50ADD0FD405A}.Release|Any CPU.ActiveCfg = Release|Any CPU
		{B7D16094-3C0D-CCD4-1710-50ADD0FD405A}.Release|Any CPU.Build.0 = Release|Any CPU
		{744FAD46-E765-D727-ACF9-7A711CC9ABD3}.Debug|Any CPU.ActiveCfg = Debug|Any CPU
		{744FAD46-E765-D727-ACF9-7A711CC9ABD3}.Debug|Any CPU.Build.0 = Debug|Any CPU
		{744FAD46-E765-D727-ACF9-7A711CC9ABD3}.Release|Any CPU.ActiveCfg = Release|Any CPU
		{744FAD46-E765-D727-ACF9-7A711CC9ABD3}.Release|Any CPU.Build.0 = Release|Any CPU
		{2A73CF93-EA74-7A4A-AB7D-4AC2DE3B9157}.Debug|Any CPU.ActiveCfg = Debug|Any CPU
		{2A73CF93-EA74-7A4A-AB7D-4AC2DE3B9157}.Debug|Any CPU.Build.0 = Debug|Any CPU
		{2A73CF93-EA74-7A4A-AB7D-4AC2DE3B9157}.Release|Any CPU.ActiveCfg = Release|Any CPU
		{2A73CF93-EA74-7A4A-AB7D-4AC2DE3B9157}.Release|Any CPU.Build.0 = Release|Any CPU
	EndGlobalSection
	GlobalSection(SolutionProperties) = preSolution
		HideSolutionNode = FALSE
	EndGlobalSection
EndGlobal
