
Microsoft Visual Studio Solution File, Format Version 12.00
# Visual Studio 2015
Project("{FAE04EC0-301F-11D3-BF4B-00C04F79EFBC}") = "AI Project.CSharp.Plugins", "AI Project.CSharp.Plugins.csproj", "{271D87C0-9B06-E548-5589-8993DEFC7C81}"
EndProject
Project("{FAE04EC0-301F-11D3-BF4B-00C04F79EFBC}") = "AI Project.CSharp", "AI Project.CSharp.csproj", "{BBD9C497-E8A7-5F13-1EB4-C8980C14785C}"
EndProject
Project("{FAE04EC0-301F-11D3-BF4B-00C04F79EFBC}") = "AI Project.CSharp.Editor.Plugins", "AI Project.CSharp.Editor.Plugins.csproj", "{BC6B22F5-549F-79C6-1EFF-7A6AD62893E3}"
EndProject
Global
	GlobalSection(SolutionConfigurationPlatforms) = preSolution
		Debug|Any CPU = Debug|Any CPU
		Release|Any CPU = Release|Any CPU
	EndGlobalSection
	GlobalSection(ProjectConfigurationPlatforms) = postSolution
		{271D87C0-9B06-E548-5589-8993DEFC7C81}.Debug|Any CPU.ActiveCfg = Debug|Any CPU
		{271D87C0-9B06-E548-5589-8993DEFC7C81}.Debug|Any CPU.Build.0 = Debug|Any CPU
		{271D87C0-9B06-E548-5589-8993DEFC7C81}.Release|Any CPU.ActiveCfg = Release|Any CPU
		{271D87C0-9B06-E548-5589-8993DEFC7C81}.Release|Any CPU.Build.0 = Release|Any CPU
		{BBD9C497-E8A7-5F13-1EB4-C8980C14785C}.Debug|Any CPU.ActiveCfg = Debug|Any CPU
		{BBD9C497-E8A7-5F13-1EB4-C8980C14785C}.Debug|Any CPU.Build.0 = Debug|Any CPU
		{BBD9C497-E8A7-5F13-1EB4-C8980C14785C}.Release|Any CPU.ActiveCfg = Release|Any CPU
		{BBD9C497-E8A7-5F13-1EB4-C8980C14785C}.Release|Any CPU.Build.0 = Release|Any CPU
		{BC6B22F5-549F-79C6-1EFF-7A6AD62893E3}.Debug|Any CPU.ActiveCfg = Debug|Any CPU
		{BC6B22F5-549F-79C6-1EFF-7A6AD62893E3}.Debug|Any CPU.Build.0 = Debug|Any CPU
		{BC6B22F5-549F-79C6-1EFF-7A6AD62893E3}.Release|Any CPU.ActiveCfg = Release|Any CPU
		{BC6B22F5-549F-79C6-1EFF-7A6AD62893E3}.Release|Any CPU.Build.0 = Release|Any CPU
	EndGlobalSection
	GlobalSection(SolutionProperties) = preSolution
		HideSolutionNode = FALSE
	EndGlobalSection
EndGlobal
